// !$*UTF8*$!
{
	archiveVersion = 1;
	classes = {
	};
	objectVersion = 48;
	objects = {

/* Begin PBXBuildFile section */
		A79545AC1FD54D69009E64C9 /* AppDelegate.swift in Sources */ = {isa = PBXBuildFile; fileRef = A79545AB1FD54D69009E64C9 /* AppDelegate.swift */; };
		A79545AE1FD54D69009E64C9 /* ViewController.swift in Sources */ = {isa = PBXBuildFile; fileRef = A79545AD1FD54D69009E64C9 /* ViewController.swift */; };
		A79545B31FD54D69009E64C9 /* Assets.xcassets in Resources */ = {isa = PBXBuildFile; fileRef = A79545B21FD54D69009E64C9 /* Assets.xcassets */; };
		A79545B61FD54D69009E64C9 /* LaunchScreen.storyboard in Resources */ = {isa = PBXBuildFile; fileRef = A79545B41FD54D69009E64C9 /* LaunchScreen.storyboard */; };
		A79545BE1FD54DA1009E64C9 /* DetailViewController.swift in Sources */ = {isa = PBXBuildFile; fileRef = A79545BD1FD54DA1009E64C9 /* DetailViewController.swift */; };
		A79545C01FD54E2B009E64C9 /* CustomTransition.swift in Sources */ = {isa = PBXBuildFile; fileRef = A79545BF1FD54E2B009E64C9 /* CustomTransition.swift */; };
/* End PBXBuildFile section */

/* Begin PBXFileReference section */
		A79545A81FD54D69009E64C9 /* CustomTransitionSwift.app */ = {isa = PBXFileReference; explicitFileType = wrapper.application; includeInIndex = 0; path = CustomTransitionSwift.app; sourceTree = BUILT_PRODUCTS_DIR; };
		A79545AB1FD54D69009E64C9 /* AppDelegate.swift */ = {isa = PBXFileReference; lastKnownFileType = sourcecode.swift; path = AppDelegate.swift; sourceTree = "<group>"; };
		A79545AD1FD54D69009E64C9 /* ViewController.swift */ = {isa = PBXFileReference; lastKnownFileType = sourcecode.swift; path = ViewController.swift; sourceTree = "<group>"; };
		A79545B21FD54D69009E64C9 /* Assets.xcassets */ = {isa = PBXFileReference; lastKnownFileType = folder.assetcatalog; path = Assets.xcassets; sourceTree = "<group>"; };
		A79545B51FD54D69009E64C9 /* Base */ = {isa = PBXFileReference; lastKnownFileType = file.storyboard; name = Base; path = Base.lproj/LaunchScreen.storyboard; sourceTree = "<group>"; };
		A79545B71FD54D69009E64C9 /* Info.plist */ = {isa = PBXFileReference; lastKnownFileType = text.plist.xml; path = Info.plist; sourceTree = "<group>"; };
		A79545BD1FD54DA1009E64C9 /* DetailViewController.swift */ = {isa = PBXFileReference; lastKnownFileType = sourcecode.swift; path = DetailViewController.swift; sourceTree = "<group>"; };
		A79545BF1FD54E2B009E64C9 /* CustomTransition.swift */ = {isa = PBXFileReference; lastKnownFileType = sourcecode.swift; path = CustomTransition.swift; sourceTree = "<group>"; };
/* End PBXFileReference section */

/* Begin PBXFrameworksBuildPhase section */
		A79545A51FD54D69009E64C9 /* Frameworks */ = {
			isa = PBXFrameworksBuildPhase;
			buildActionMask = 2147483647;
			files = (
			);
			runOnlyForDeploymentPostprocessing = 0;
		};
/* End PBXFrameworksBuildPhase section */

/* Begin PBXGroup section */
		A795459F1FD54D69009E64C9 = {
			isa = PBXGroup;
			children = (
				A79545AA1FD54D69009E64C9 /* CustomTransitionSwift */,
				A79545A91FD54D69009E64C9 /* Products */,
			);
			sourceTree = "<group>";
		};
		A79545A91FD54D69009E64C9 /* Products */ = {
			isa = PBXGroup;
			children = (
				A79545A81FD54D69009E64C9 /* CustomTransitionSwift.app */,
			);
			name = Products;
			sourceTree = "<group>";
		};
		A79545AA1FD54D69009E64C9 /* CustomTransitionSwift */ = {
			isa = PBXGroup;
			children = (
				A79545AB1FD54D69009E64C9 /* AppDelegate.swift */,
				A79545AD1FD54D69009E64C9 /* ViewController.swift */,
				A79545BF1FD54E2B009E64C9 /* CustomTransition.swift */,
				A79545BD1FD54DA1009E64C9 /* DetailViewController.swift */,
				A79545B21FD54D69009E64C9 /* Assets.xcassets */,
				A79545B41FD54D69009E64C9 /* LaunchScreen.storyboard */,
				A79545B71FD54D69009E64C9 /* Info.plist */,
			);
			path = CustomTransitionSwift;
			sourceTree = "<group>";
		};
/* End PBXGroup section */

/* Begin PBXNativeTarget section */
		A79545A71FD54D69009E64C9 /* CustomTransitionSwift */ = {
			isa = PBXNativeTarget;
			buildConfigurationList = A79545BA1FD54D69009E64C9 /* Build configuration list for PBXNativeTarget "CustomTransitionSwift" */;
			buildPhases = (
				A79545A41FD54D69009E64C9 /* Sources */,
				A79545A51FD54D69009E64C9 /* Frameworks */,
				A79545A61FD54D69009E64C9 /* Resources */,
			);
			buildRules = (
			);
			dependencies = (
			);
			name = CustomTransitionSwift;
			productName = CustomTransitionSwift;
			productReference = A79545A81FD54D69009E64C9 /* CustomTransitionSwift.app */;
			productType = "com.apple.product-type.application";
		};
/* End PBXNativeTarget section */

/* Begin PBXProject section */
		A79545A01FD54D69009E64C9 /* Project object */ = {
			isa = PBXProject;
			attributes = {
				LastSwiftUpdateCheck = 0910;
				LastUpgradeCheck = 0910;
				ORGANIZATIONNAME = "凌       陈";
				TargetAttributes = {
					A79545A71FD54D69009E64C9 = {
						CreatedOnToolsVersion = 9.1;
						ProvisioningStyle = Automatic;
					};
				};
			};
			buildConfigurationList = A79545A31FD54D69009E64C9 /* Build configuration list for PBXProject "CustomTransitionSwift" */;
			compatibilityVersion = "Xcode 8.0";
			developmentRegion = en;
			hasScannedForEncodings = 0;
			knownRegions = (
				en,
				Base,
			);
			mainGroup = A795459F1FD54D69009E64C9;
			productRefGroup = A79545A91FD54D69009E64C9 /* Products */;
			projectDirPath = "";
			projectRoot = "";
			targets = (
				A79545A71FD54D69009E64C9 /* CustomTransitionSwift */,
			);
		};
/* End PBXProject section */

/* Begin PBXResourcesBuildPhase section */
		A79545A61FD54D69009E64C9 /* Resources */ = {
			isa = PBXResourcesBuildPhase;
			buildActionMask = 2147483647;
			files = (
				A79545B61FD54D69009E64C9 /* LaunchScreen.storyboard in Resources */,
				A79545B31FD54D69009E64C9 /* Assets.xcassets in Resources */,
			);
			runOnlyForDeploymentPostprocessing = 0;
		};
/* End PBXResourcesBuildPhase section */

/* Begin PBXSourcesBuildPhase section */
		A79545A41FD54D69009E64C9 /* Sources */ = {
			isa = PBXSourcesBuildPhase;
			buildActionMask = 2147483647;
			files = (
				A79545BE1FD54DA1009E64C9 /* DetailViewController.swift in Sources */,
				A79545AE1FD54D69009E64C9 /* ViewController.swift in Sources */,
				A79545AC1FD54D69009E64C9 /* AppDelegate.swift in Sources */,
				A79545C01FD54E2B009E64C9 /* CustomTransition.swift in Sources */,
			);
			runOnlyForDeploymentPostprocessing = 0;
		};
/* End PBXSourcesBuildPhase section */

/* Begin PBXVariantGroup section */
		A79545B41FD54D69009E64C9 /* LaunchScreen.storyboard */ = {
			isa = PBXVariantGroup;
			children = (
				A79545B51FD54D69009E64C9 /* Base */,
			);
			name = LaunchScreen.storyboard;
			sourceTree = "<group>";
		};
/* End PBXVariantGroup section */

/* Begin XCBuildConfiguration section */
		A79545B81FD54D69009E64C9 /* Debug */ = {
			isa = XCBuildConfiguration;
			buildSettings = {
				ALWAYS_SEARCH_USER_PATHS = NO;
				CLANG_ANALYZER_NONNULL = YES;
				CLANG_ANALYZER_NUMBER_OBJECT_CONVERSION = YES_AGGRESSIVE;
				CLANG_CXX_LANGUAGE_STANDARD = "gnu++14";
				CLANG_CXX_LIBRARY = "libc++";
				CLANG_ENABLE_MODULES = YES;
				CLANG_ENABLE_OBJC_ARC = YES;
				CLANG_WARN_BLOCK_CAPTURE_AUTORELEASING = YES;
				CLANG_WARN_BOOL_CONVERSION = YES;
				CLANG_WARN_COMMA = YES;
				CLANG_WARN_CONSTANT_CONVERSION = YES;
				CLANG_WARN_DIRECT_OBJC_ISA_USAGE = YES_ERROR;
				CLANG_WARN_DOCUMENTATION_COMMENTS = YES;
				CLANG_WARN_EMPTY_BODY = YES;
				CLANG_WARN_ENUM_CONVERSION = YES;
				CLANG_WARN_INFINITE_RECURSION = YES;
				CLANG_WARN_INT_CONVERSION = YES;
				CLANG_WARN_NON_LITERAL_NULL_CONVERSION = YES;
				CLANG_WARN_OBJC_LITERAL_CONVERSION = YES;
				CLANG_WARN_OBJC_ROOT_CLASS = YES_ERROR;
				CLANG_WARN_RANGE_LOOP_ANALYSIS = YES;
				CLANG_WARN_STRICT_PROTOTYPES = YES;
				CLANG_WARN_SUSPICIOUS_MOVE = YES;
				CLANG_WARN_UNGUARDED_AVAILABILITY = YES_AGGRESSIVE;
				CLANG_WARN_UNREACHABLE_CODE = YES;
				CLANG_WARN__DUPLICATE_METHOD_MATCH = YES;
				CODE_SIGN_IDENTITY = "iPhone Developer";
				COPY_PHASE_STRIP = NO;
				DEBUG_INFORMATION_FORMAT = dwarf;
				ENABLE_STRICT_OBJC_MSGSEND = YES;
				ENABLE_TESTABILITY = YES;
				GCC_C_LANGUAGE_STANDARD = gnu11;
				GCC_DYNAMIC_NO_PIC = NO;
				GCC_NO_COMMON_BLOCKS = YES;
				GCC_OPTIMIZATION_LEVEL = 0;
				GCC_PREPROCESSOR_DEFINITIONS = (
					"DEBUG=1",
					"$(inherited)",
				);
				GCC_WARN_64_TO_32_BIT_CONVERSION = YES;
				GCC_WARN_ABOUT_RETURN_TYPE = YES_ERROR;
				GCC_WARN_UNDECLARED_SELECTOR = YES;
				GCC_WARN_UNINITIALIZED_AUTOS = YES_AGGRESSIVE;
				GCC_WARN_UNUSED_FUNCTION = YES;
				GCC_WARN_UNUSED_VARIABLE = YES;
				IPHONEOS_DEPLOYMENT_TARGET = 11.1;
				MTL_ENABLE_DEBUG_INFO = YES;
				ONLY_ACTIVE_ARCH = YES;
				SDKROOT = iphoneos;
				SWIFT_ACTIVE_COMPILATION_CONDITIONS = DEBUG;
				SWIFT_OPTIMIZATION_LEVEL = "-Onone";
			};
			name = Debug;
		};
		A79545B91FD54D69009E64C9 /* Release */ = {
			isa = XCBuildConfiguration;
			buildSettings = {
				ALWAYS_SEARCH_USER_PATHS = NO;
				CLANG_ANALYZER_NONNULL = YES;
				CLANG_ANALYZER_NUMBER_OBJECT_CONVERSION = YES_AGGRESSIVE;
				CLANG_CXX_LANGUAGE_STANDARD = "gnu++14";
				CLANG_CXX_LIBRARY = "libc++";
				CLANG_ENABLE_MODULES = YES;
				CLANG_ENABLE_OBJC_ARC = YES;
				CLANG_WARN_BLOCK_CAPTURE_AUTORELEASING = YES;
				CLANG_WARN_BOOL_CONVERSION = YES;
				CLANG_WARN_COMMA = YES;
				CLANG_WARN_CONSTANT_CONVERSION = YES;
				CLANG_WARN_DIRECT_OBJC_ISA_USAGE = YES_ERROR;
				CLANG_WARN_DOCUMENTATION_COMMENTS = YES;
				CLANG_WARN_EMPTY_BODY = YES;
				CLANG_WARN_ENUM_CONVERSION = YES;
				CLANG_WARN_INFINITE_RECURSION = YES;
				CLANG_WARN_INT_CONVERSION = YES;
				CLANG_WARN_NON_LITERAL_NULL_CONVERSION = YES;
				CLANG_WARN_OBJC_LITERAL_CONVERSION = YES;
				CLANG_WARN_OBJC_ROOT_CLASS = YES_ERROR;
				CLANG_WARN_RANGE_LOOP_ANALYSIS = YES;
				CLANG_WARN_STRICT_PROTOTYPES = YES;
				CLANG_WARN_SUSPICIOUS_MOVE = YES;
				CLANG_WARN_UNGUARDED_AVAILABILITY = YES_AGGRESSIVE;
				CLANG_WARN_UNREACHABLE_CODE = YES;
				CLANG_WARN__DUPLICATE_METHOD_MATCH = YES;
				CODE_SIGN_IDENTITY = "iPhone Developer";
				COPY_PHASE_STRIP = NO;
				DEBUG_INFORMATION_FORMAT = "dwarf-with-dsym";
				ENABLE_NS_ASSERTIONS = NO;
				ENABLE_STRICT_OBJC_MSGSEND = YES;
				GCC_C_LANGUAGE_STANDARD = gnu11;
				GCC_NO_COMMON_BLOCKS = YES;
				GCC_WARN_64_TO_32_BIT_CONVERSION = YES;
				GCC_WARN_ABOUT_RETURN_TYPE = YES_ERROR;
				GCC_WARN_UNDECLARED_SELECTOR = YES;
				GCC_WARN_UNINITIALIZED_AUTOS = YES_AGGRESSIVE;
				GCC_WARN_UNUSED_FUNCTION = YES;
				GCC_WARN_UNUSED_VARIABLE = YES;
				IPHONEOS_DEPLOYMENT_TARGET = 11.1;
				MTL_ENABLE_DEBUG_INFO = NO;
				SDKROOT = iphoneos;
				SWIFT_OPTIMIZATION_LEVEL = "-Owholemodule";
				VALIDATE_PRODUCT = YES;
			};
			name = Release;
		};
		A79545BB1FD54D69009E64C9 /* Debug */ = {
			isa = XCBuildConfiguration;
			buildSettings = {
				ASSETCATALOG_COMPILER_APPICON_NAME = AppIcon;
				CODE_SIGN_STYLE = Automatic;
				DEVELOPMENT_TEAM = PGE57W8HKE;
				INFOPLIST_FILE = CustomTransitionSwift/Info.plist;
				LD_RUNPATH_SEARCH_PATHS = "$(inherited) @executable_path/Frameworks";
				PRODUCT_BUNDLE_IDENTIFIER = com.sc.CustomTransitionSwift;
				PRODUCT_NAME = "$(TARGET_NAME)";
				SWIFT_VERSION = 4.0;
				TARGETED_DEVICE_FAMILY = "1,2";
			};
			name = Debug;
		};
		A79545BC1FD54D69009E64C9 /* Release */ = {
			isa = XCBuildConfiguration;
			buildSettings = {
				ASSETCATALOG_COMPILER_APPICON_NAME = AppIcon;
				CODE_SIGN_STYLE = Automatic;
				DEVELOPMENT_TEAM = PGE57W8HKE;
				INFOPLIST_FILE = CustomTransitionSwift/Info.plist;
				LD_RUNPATH_SEARCH_PATHS = "$(inherited) @executable_path/Frameworks";
				PRODUCT_BUNDLE_IDENTIFIER = com.sc.CustomTransitionSwift;
				PRODUCT_NAME = "$(TARGET_NAME)";
				SWIFT_VERSION = 4.0;
				TARGETED_DEVICE_FAMILY = "1,2";
			};
			name = Release;
		};
/* End XCBuildConfiguration section */

/* Begin XCConfigurationList section */
		A79545A31FD54D69009E64C9 /* Build configuration list for PBXProject "CustomTransitionSwift" */ = {
			isa = XCConfigurationList;
			buildConfigurations = (
				A79545B81FD54D69009E64C9 /* Debug */,
				A79545B91FD54D69009E64C9 /* Release */,
			);
			defaultConfigurationIsVisible = 0;
			defaultConfigurationName = Release;
		};
		A79545BA1FD54D69009E64C9 /* Build configuration list for PBXNativeTarget "CustomTransitionSwift" */ = {
			isa = XCConfigurationList;
			buildConfigurations = (
				A79545BB1FD54D69009E64C9 /* Debug */,
				A79545BC1FD54D69009E64C9 /* Release */,
			);
			defaultConfigurationIsVisible = 0;
			defaultConfigurationName = Release;
		};
/* End XCConfigurationList section */
	};
	rootObject = A79545A01FD54D69009E64C9 /* Project object */;
}
